
Microsoft Visual Studio Solution File, Format Version 12.00
# Visual Studio 15
VisualStudioVersion = 15.0.27130.2003
MinimumVisualStudioVersion = 10.0.40219.1
Project("{FAE04EC0-301F-11D3-BF4B-00C04F79EFBC}") = "GraduateWorkTest", "GraduateWorkTest\GraduateWorkTest.csproj", "{B3EB842B-9FCE-4D4F-9A8D-80AE9B640143}"
EndProject
Global
	GlobalSection(SolutionConfigurationPlatforms) = preSolution
		Debug|Any CPU = Debug|Any CPU
		Release|Any CPU = Release|Any CPU
	EndGlobalSection
	GlobalSection(ProjectConfigurationPlatforms) = postSolution
		{B3EB842B-9FCE-4D4F-9A8D-80AE9B640143}.Debug|Any CPU.ActiveCfg = Debug|Any CPU
		{B3EB842B-9FCE-4D4F-9A8D-80AE9B640143}.Debug|Any CPU.Build.0 = Debug|Any CPU
		{B3EB842B-9FCE-4D4F-9A8D-80AE9B640143}.Release|Any CPU.ActiveCfg = Release|Any CPU
		{B3EB842B-9FCE-4D4F-9A8D-80AE9B640143}.Release|Any CPU.Build.0 = Release|Any CPU
	EndGlobalSection
	GlobalSection(SolutionProperties) = preSolution
		HideSolutionNode = FALSE
	EndGlobalSection
	GlobalSection(ExtensibilityGlobals) = postSolution
		SolutionGuid = {937E6C19-B023-4640-AB4F-4B10377D40FF}
	EndGlobalSection
EndGlobal
